
Microsoft Visual Studio Solution File, Format Version 12.00
# Visual Studio Version 16
VisualStudioVersion = 16.0.31129.286
MinimumVisualStudioVersion = 10.0.40219.1
Project("{FAE04EC0-301F-11D3-BF4B-00C04F79EFBC}") = "MiscCodeSamples", "MiscCodeSamples\MiscCodeSamples.csproj", "{0738F7A5-809A-4C06-9B16-7E9ADD88990D}"
EndProject
Project("{FAE04EC0-301F-11D3-BF4B-00C04F79EFBC}") = "UnitTests", "UnitTests\UnitTests.csproj", "{0F1C0C42-7691-4492-AC08-12D11DF637EF}"
EndProject
Global
	GlobalSection(SolutionConfigurationPlatforms) = preSolution
		Debug|Any CPU = Debug|Any CPU
		Release|Any CPU = Release|Any CPU
	EndGlobalSection
	GlobalSection(ProjectConfigurationPlatforms) = postSolution
		{0738F7A5-809A-4C06-9B16-7E9ADD88990D}.Debug|Any CPU.ActiveCfg = Debug|Any CPU
		{0738F7A5-809A-4C06-9B16-7E9ADD88990D}.Debug|Any CPU.Build.0 = Debug|Any CPU
		{0738F7A5-809A-4C06-9B16-7E9ADD88990D}.Release|Any CPU.ActiveCfg = Release|Any CPU
		{0738F7A5-809A-4C06-9B16-7E9ADD88990D}.Release|Any CPU.Build.0 = Release|Any CPU
		{0F1C0C42-7691-4492-AC08-12D11DF637EF}.Debug|Any CPU.ActiveCfg = Debug|Any CPU
		{0F1C0C42-7691-4492-AC08-12D11DF637EF}.Debug|Any CPU.Build.0 = Debug|Any CPU
		{0F1C0C42-7691-4492-AC08-12D11DF637EF}.Release|Any CPU.ActiveCfg = Release|Any CPU
		{0F1C0C42-7691-4492-AC08-12D11DF637EF}.Release|Any CPU.Build.0 = Release|Any CPU
	EndGlobalSection
	GlobalSection(SolutionProperties) = preSolution
		HideSolutionNode = FALSE
	EndGlobalSection
	GlobalSection(ExtensibilityGlobals) = postSolution
		SolutionGuid = {765247F5-526A-4F44-96AB-30B7224AAEAC}
	EndGlobalSection
EndGlobal
